
Microsoft Visual Studio Solution File, Format Version 12.00
# Visual Studio 15
VisualStudioVersion = 15.0.28010.2048
MinimumVisualStudioVersion = 10.0.40219.1
Project("{FAE04EC0-301F-11D3-BF4B-00C04F79EFBC}") = "CKY Algorithm", "CKY Algorithm\CKY Algorithm.csproj", "{B1563130-22B2-4987-9167-D87769F6C10F}"
EndProject
Global
	GlobalSection(SolutionConfigurationPlatforms) = preSolution
		Debug|Any CPU = Debug|Any CPU
		Release|Any CPU = Release|Any CPU
	EndGlobalSection
	GlobalSection(ProjectConfigurationPlatforms) = postSolution
		{B1563130-22B2-4987-9167-D87769F6C10F}.Debug|Any CPU.ActiveCfg = Debug|Any CPU
		{B1563130-22B2-4987-9167-D87769F6C10F}.Debug|Any CPU.Build.0 = Debug|Any CPU
		{B1563130-22B2-4987-9167-D87769F6C10F}.Release|Any CPU.ActiveCfg = Release|Any CPU
		{B1563130-22B2-4987-9167-D87769F6C10F}.Release|Any CPU.Build.0 = Release|Any CPU
	EndGlobalSection
	GlobalSection(SolutionProperties) = preSolution
		HideSolutionNode = FALSE
	EndGlobalSection
	GlobalSection(ExtensibilityGlobals) = postSolution
		SolutionGuid = {81C745E7-12B5-4F66-B999-F448EAF598F7}
	EndGlobalSection
EndGlobal
